
Microsoft Visual Studio Solution File, Format Version 12.00
# Visual Studio Version 16
VisualStudioVersion = 16.0.31829.152
MinimumVisualStudioVersion = 10.0.40219.1
Project("{FAE04EC0-301F-11D3-BF4B-00C04F79EFBC}") = "EntryTutorial.Android", "EntryTutorial.Android\EntryTutorial.Android.csproj", "{0DFD0831-6647-4FE7-B5D7-45A582516687}"
EndProject
Project("{FAE04EC0-301F-11D3-BF4B-00C04F79EFBC}") = "EntryTutorial.iOS", "EntryTutorial.iOS\EntryTutorial.iOS.csproj", "{4F09FB1E-0F2A-4FE1-999C-451F53EDE553}"
EndProject
Project("{FAE04EC0-301F-11D3-BF4B-00C04F79EFBC}") = "EntryTutorial", "EntryTutorial\EntryTutorial.csproj", "{9011BCE1-AFEA-4745-838B-723BC0E407A9}"
EndProject
Global
	GlobalSection(SolutionConfigurationPlatforms) = preSolution
		Debug|Any CPU = Debug|Any CPU
		Debug|iPhone = Debug|iPhone
		Debug|iPhoneSimulator = Debug|iPhoneSimulator
		Release|Any CPU = Release|Any CPU
		Release|iPhone = Release|iPhone
		Release|iPhoneSimulator = Release|iPhoneSimulator
	EndGlobalSection
	GlobalSection(ProjectConfigurationPlatforms) = postSolution
		{0DFD0831-6647-4FE7-B5D7-45A582516687}.Debug|Any CPU.ActiveCfg = Debug|Any CPU
		{0DFD0831-6647-4FE7-B5D7-45A582516687}.Debug|Any CPU.Build.0 = Debug|Any CPU
		{0DFD0831-6647-4FE7-B5D7-45A582516687}.Debug|Any CPU.Deploy.0 = Debug|Any CPU
		{0DFD0831-6647-4FE7-B5D7-45A582516687}.Debug|iPhone.ActiveCfg = Debug|Any CPU
		{0DFD0831-6647-4FE7-B5D7-45A582516687}.Debug|iPhone.Build.0 = Debug|Any CPU
		{0DFD0831-6647-4FE7-B5D7-45A582516687}.Debug|iPhone.Deploy.0 = Debug|Any CPU
		{0DFD0831-6647-4FE7-B5D7-45A582516687}.Debug|iPhoneSimulator.ActiveCfg = Debug|Any CPU
		{0DFD0831-6647-4FE7-B5D7-45A582516687}.Debug|iPhoneSimulator.Build.0 = Debug|Any CPU
		{0DFD0831-6647-4FE7-B5D7-45A582516687}.Debug|iPhoneSimulator.Deploy.0 = Debug|Any CPU
		{0DFD0831-6647-4FE7-B5D7-45A582516687}.Release|Any CPU.ActiveCfg = Release|Any CPU
		{0DFD0831-6647-4FE7-B5D7-45A582516687}.Release|Any CPU.Build.0 = Release|Any CPU
		{0DFD0831-6647-4FE7-B5D7-45A582516687}.Release|Any CPU.Deploy.0 = Release|Any CPU
		{0DFD0831-6647-4FE7-B5D7-45A582516687}.Release|iPhone.ActiveCfg = Release|Any CPU
		{0DFD0831-6647-4FE7-B5D7-45A582516687}.Release|iPhone.Build.0 = Release|Any CPU
		{0DFD0831-6647-4FE7-B5D7-45A582516687}.Release|iPhone.Deploy.0 = Release|Any CPU
		{0DFD0831-6647-4FE7-B5D7-45A582516687}.Release|iPhoneSimulator.ActiveCfg = Release|Any CPU
		{0DFD0831-6647-4FE7-B5D7-45A582516687}.Release|iPhoneSimulator.Build.0 = Release|Any CPU
		{0DFD0831-6647-4FE7-B5D7-45A582516687}.Release|iPhoneSimulator.Deploy.0 = Release|Any CPU
		{4F09FB1E-0F2A-4FE1-999C-451F53EDE553}.Debug|Any CPU.ActiveCfg = Debug|iPhone
		{4F09FB1E-0F2A-4FE1-999C-451F53EDE553}.Debug|Any CPU.Build.0 = Debug|iPhone
		{4F09FB1E-0F2A-4FE1-999C-451F53EDE553}.Debug|Any CPU.Deploy.0 = Debug|iPhone
		{4F09FB1E-0F2A-4FE1-999C-451F53EDE553}.Debug|iPhone.ActiveCfg = Debug|iPhone
		{4F09FB1E-0F2A-4FE1-999C-451F53EDE553}.Debug|iPhone.Build.0 = Debug|iPhone
		{4F09FB1E-0F2A-4FE1-999C-451F53EDE553}.Debug|iPhone.Deploy.0 = Debug|iPhone
		{4F09FB1E-0F2A-4FE1-999C-451F53EDE553}.Debug|iPhoneSimulator.ActiveCfg = Debug|iPhoneSimulator
		{4F09FB1E-0F2A-4FE1-999C-451F53EDE553}.Debug|iPhoneSimulator.Build.0 = Debug|iPhoneSimulator
		{4F09FB1E-0F2A-4FE1-999C-451F53EDE553}.Debug|iPhoneSimulator.Deploy.0 = Debug|iPhoneSimulator
		{4F09FB1E-0F2A-4FE1-999C-451F53EDE553}.Release|Any CPU.ActiveCfg = Release|iPhoneSimulator
		{4F09FB1E-0F2A-4FE1-999C-451F53EDE553}.Release|Any CPU.Build.0 = Release|iPhoneSimulator
		{4F09FB1E-0F2A-4FE1-999C-451F53EDE553}.Release|Any CPU.Deploy.0 = Release|iPhoneSimulator
		{4F09FB1E-0F2A-4FE1-999C-451F53EDE553}.Release|iPhone.ActiveCfg = Release|iPhone
		{4F09FB1E-0F2A-4FE1-999C-451F53EDE553}.Release|iPhone.Build.0 = Release|iPhone
		{4F09FB1E-0F2A-4FE1-999C-451F53EDE553}.Release|iPhone.Deploy.0 = Release|iPhone
		{4F09FB1E-0F2A-4FE1-999C-451F53EDE553}.Release|iPhoneSimulator.ActiveCfg = Release|iPhoneSimulator
		{4F09FB1E-0F2A-4FE1-999C-451F53EDE553}.Release|iPhoneSimulator.Build.0 = Release|iPhoneSimulator
		{4F09FB1E-0F2A-4FE1-999C-451F53EDE553}.Release|iPhoneSimulator.Deploy.0 = Release|iPhoneSimulator
		{9011BCE1-AFEA-4745-838B-723BC0E407A9}.Debug|Any CPU.ActiveCfg = Debug|Any CPU
		{9011BCE1-AFEA-4745-838B-723BC0E407A9}.Debug|Any CPU.Build.0 = Debug|Any CPU
		{9011BCE1-AFEA-4745-838B-723BC0E407A9}.Debug|Any CPU.Deploy.0 = Debug|Any CPU
		{9011BCE1-AFEA-4745-838B-723BC0E407A9}.Debug|iPhone.ActiveCfg = Debug|Any CPU
		{9011BCE1-AFEA-4745-838B-723BC0E407A9}.Debug|iPhone.Build.0 = Debug|Any CPU
		{9011BCE1-AFEA-4745-838B-723BC0E407A9}.Debug|iPhone.Deploy.0 = Debug|Any CPU
		{9011BCE1-AFEA-4745-838B-723BC0E407A9}.Debug|iPhoneSimulator.ActiveCfg = Debug|Any CPU
		{9011BCE1-AFEA-4745-838B-723BC0E407A9}.Debug|iPhoneSimulator.Build.0 = Debug|Any CPU
		{9011BCE1-AFEA-4745-838B-723BC0E407A9}.Debug|iPhoneSimulator.Deploy.0 = Debug|Any CPU
		{9011BCE1-AFEA-4745-838B-723BC0E407A9}.Release|Any CPU.ActiveCfg = Release|Any CPU
		{9011BCE1-AFEA-4745-838B-723BC0E407A9}.Release|Any CPU.Build.0 = Release|Any CPU
		{9011BCE1-AFEA-4745-838B-723BC0E407A9}.Release|Any CPU.Deploy.0 = Release|Any CPU
		{9011BCE1-AFEA-4745-838B-723BC0E407A9}.Release|iPhone.ActiveCfg = Release|Any CPU
		{9011BCE1-AFEA-4745-838B-723BC0E407A9}.Release|iPhone.Build.0 = Release|Any CPU
		{9011BCE1-AFEA-4745-838B-723BC0E407A9}.Release|iPhone.Deploy.0 = Release|Any CPU
		{9011BCE1-AFEA-4745-838B-723BC0E407A9}.Release|iPhoneSimulator.ActiveCfg = Release|Any CPU
		{9011BCE1-AFEA-4745-838B-723BC0E407A9}.Release|iPhoneSimulator.Build.0 = Release|Any CPU
		{9011BCE1-AFEA-4745-838B-723BC0E407A9}.Release|iPhoneSimulator.Deploy.0 = Release|Any CPU
	EndGlobalSection
	GlobalSection(SolutionProperties) = preSolution
		HideSolutionNode = FALSE
	EndGlobalSection
	GlobalSection(ExtensibilityGlobals) = postSolution
		SolutionGuid = {F43D4E9A-B363-4F93-9D01-91748E214161}
	EndGlobalSection
EndGlobal
